// !$*UTF8*$!
{
	archiveVersion = 1;
	classes = {
	};
	objectVersion = 50;
	objects = {

/* Begin PBXBuildFile section */
		206643E423A0FE8A00CB94F5 /* AppDelegate.swift in Sources */ = {isa = PBXBuildFile; fileRef = 206643E323A0FE8A00CB94F5 /* AppDelegate.swift */; };
		206643E623A0FE8A00CB94F5 /* SceneDelegate.swift in Sources */ = {isa = PBXBuildFile; fileRef = 206643E523A0FE8A00CB94F5 /* SceneDelegate.swift */; };
		206643E823A0FE8A00CB94F5 /* ContentView.swift in Sources */ = {isa = PBXBuildFile; fileRef = 206643E723A0FE8A00CB94F5 /* ContentView.swift */; };
		206643EA23A0FE8B00CB94F5 /* Assets.xcassets in Resources */ = {isa = PBXBuildFile; fileRef = 206643E923A0FE8B00CB94F5 /* Assets.xcassets */; };
		206643ED23A0FE8B00CB94F5 /* Preview Assets.xcassets in Resources */ = {isa = PBXBuildFile; fileRef = 206643EC23A0FE8B00CB94F5 /* Preview Assets.xcassets */; };
		206643F023A0FE8B00CB94F5 /* LaunchScreen.storyboard in Resources */ = {isa = PBXBuildFile; fileRef = 206643EE23A0FE8B00CB94F5 /* LaunchScreen.storyboard */; };
		206643FB23A0FE8B00CB94F5 /* StringCalculatorTests.swift in Sources */ = {isa = PBXBuildFile; fileRef = 206643FA23A0FE8B00CB94F5 /* StringCalculatorTests.swift */; };
		2066440623A0FE8B00CB94F5 /* StringCalculatorUITests.swift in Sources */ = {isa = PBXBuildFile; fileRef = 2066440523A0FE8B00CB94F5 /* StringCalculatorUITests.swift */; };
		2066441523A106F200CB94F5 /* Calculator.swift in Sources */ = {isa = PBXBuildFile; fileRef = 2066441423A106F200CB94F5 /* Calculator.swift */; };
/* End PBXBuildFile section */

/* Begin PBXContainerItemProxy section */
		206643F723A0FE8B00CB94F5 /* PBXContainerItemProxy */ = {
			isa = PBXContainerItemProxy;
			containerPortal = 206643D823A0FE8A00CB94F5 /* Project object */;
			proxyType = 1;
			remoteGlobalIDString = 206643DF23A0FE8A00CB94F5;
			remoteInfo = StringCalculator;
		};
		2066440223A0FE8B00CB94F5 /* PBXContainerItemProxy */ = {
			isa = PBXContainerItemProxy;
			containerPortal = 206643D823A0FE8A00CB94F5 /* Project object */;
			proxyType = 1;
			remoteGlobalIDString = 206643DF23A0FE8A00CB94F5;
			remoteInfo = StringCalculator;
		};
/* End PBXContainerItemProxy section */

/* Begin PBXFileReference section */
		206643E023A0FE8A00CB94F5 /* StringCalculator.app */ = {isa = PBXFileReference; explicitFileType = wrapper.application; includeInIndex = 0; path = StringCalculator.app; sourceTree = BUILT_PRODUCTS_DIR; };
		206643E323A0FE8A00CB94F5 /* AppDelegate.swift */ = {isa = PBXFileReference; lastKnownFileType = sourcecode.swift; path = AppDelegate.swift; sourceTree = "<group>"; };
		206643E523A0FE8A00CB94F5 /* SceneDelegate.swift */ = {isa = PBXFileReference; lastKnownFileType = sourcecode.swift; path = SceneDelegate.swift; sourceTree = "<group>"; };
		206643E723A0FE8A00CB94F5 /* ContentView.swift */ = {isa = PBXFileReference; lastKnownFileType = sourcecode.swift; path = ContentView.swift; sourceTree = "<group>"; };
		206643E923A0FE8B00CB94F5 /* Assets.xcassets */ = {isa = PBXFileReference; lastKnownFileType = folder.assetcatalog; path = Assets.xcassets; sourceTree = "<group>"; };
		206643EC23A0FE8B00CB94F5 /* Preview Assets.xcassets */ = {isa = PBXFileReference; lastKnownFileType = folder.assetcatalog; path = "Preview Assets.xcassets"; sourceTree = "<group>"; };
		206643EF23A0FE8B00CB94F5 /* Base */ = {isa = PBXFileReference; lastKnownFileType = file.storyboard; name = Base; path = Base.lproj/LaunchScreen.storyboard; sourceTree = "<group>"; };
		206643F123A0FE8B00CB94F5 /* Info.plist */ = {isa = PBXFileReference; lastKnownFileType = text.plist.xml; path = Info.plist; sourceTree = "<group>"; };
		206643F623A0FE8B00CB94F5 /* StringCalculatorTests.xctest */ = {isa = PBXFileReference; explicitFileType = wrapper.cfbundle; includeInIndex = 0; path = StringCalculatorTests.xctest; sourceTree = BUILT_PRODUCTS_DIR; };
		206643FA23A0FE8B00CB94F5 /* StringCalculatorTests.swift */ = {isa = PBXFileReference; lastKnownFileType = sourcecode.swift; path = StringCalculatorTests.swift; sourceTree = "<group>"; };
		206643FC23A0FE8B00CB94F5 /* Info.plist */ = {isa = PBXFileReference; lastKnownFileType = text.plist.xml; path = Info.plist; sourceTree = "<group>"; };
		2066440123A0FE8B00CB94F5 /* StringCalculatorUITests.xctest */ = {isa = PBXFileReference; explicitFileType = wrapper.cfbundle; includeInIndex = 0; path = StringCalculatorUITests.xctest; sourceTree = BUILT_PRODUCTS_DIR; };
		2066440523A0FE8B00CB94F5 /* StringCalculatorUITests.swift */ = {isa = PBXFileReference; lastKnownFileType = sourcecode.swift; path = StringCalculatorUITests.swift; sourceTree = "<group>"; };
		2066440723A0FE8B00CB94F5 /* Info.plist */ = {isa = PBXFileReference; lastKnownFileType = text.plist.xml; path = Info.plist; sourceTree = "<group>"; };
		2066441423A106F200CB94F5 /* Calculator.swift */ = {isa = PBXFileReference; lastKnownFileType = sourcecode.swift; path = Calculator.swift; sourceTree = "<group>"; };
/* End PBXFileReference section */

/* Begin PBXFrameworksBuildPhase section */
		206643DD23A0FE8A00CB94F5 /* Frameworks */ = {
			isa = PBXFrameworksBuildPhase;
			buildActionMask = 2147483647;
			files = (
			);
			runOnlyForDeploymentPostprocessing = 0;
		};
		206643F323A0FE8B00CB94F5 /* Frameworks */ = {
			isa = PBXFrameworksBuildPhase;
			buildActionMask = 2147483647;
			files = (
			);
			runOnlyForDeploymentPostprocessing = 0;
		};
		206643FE23A0FE8B00CB94F5 /* Frameworks */ = {
			isa = PBXFrameworksBuildPhase;
			buildActionMask = 2147483647;
			files = (
			);
			runOnlyForDeploymentPostprocessing = 0;
		};
/* End PBXFrameworksBuildPhase section */

/* Begin PBXGroup section */
		206643D723A0FE8A00CB94F5 = {
			isa = PBXGroup;
			children = (
				206643E223A0FE8A00CB94F5 /* StringCalculator */,
				206643F923A0FE8B00CB94F5 /* StringCalculatorTests */,
				2066440423A0FE8B00CB94F5 /* StringCalculatorUITests */,
				206643E123A0FE8A00CB94F5 /* Products */,
			);
			sourceTree = "<group>";
		};
		206643E123A0FE8A00CB94F5 /* Products */ = {
			isa = PBXGroup;
			children = (
				206643E023A0FE8A00CB94F5 /* StringCalculator.app */,
				206643F623A0FE8B00CB94F5 /* StringCalculatorTests.xctest */,
				2066440123A0FE8B00CB94F5 /* StringCalculatorUITests.xctest */,
			);
			name = Products;
			sourceTree = "<group>";
		};
		206643E223A0FE8A00CB94F5 /* StringCalculator */ = {
			isa = PBXGroup;
			children = (
				2066441323A106E000CB94F5 /* New Group */,
				206643E323A0FE8A00CB94F5 /* AppDelegate.swift */,
				206643E523A0FE8A00CB94F5 /* SceneDelegate.swift */,
				206643E723A0FE8A00CB94F5 /* ContentView.swift */,
				206643E923A0FE8B00CB94F5 /* Assets.xcassets */,
				206643EE23A0FE8B00CB94F5 /* LaunchScreen.storyboard */,
				206643F123A0FE8B00CB94F5 /* Info.plist */,
				206643EB23A0FE8B00CB94F5 /* Preview Content */,
			);
			path = StringCalculator;
			sourceTree = "<group>";
		};
		206643EB23A0FE8B00CB94F5 /* Preview Content */ = {
			isa = PBXGroup;
			children = (
				206643EC23A0FE8B00CB94F5 /* Preview Assets.xcassets */,
			);
			path = "Preview Content";
			sourceTree = "<group>";
		};
		206643F923A0FE8B00CB94F5 /* StringCalculatorTests */ = {
			isa = PBXGroup;
			children = (
				206643FA23A0FE8B00CB94F5 /* StringCalculatorTests.swift */,
				206643FC23A0FE8B00CB94F5 /* Info.plist */,
			);
			path = StringCalculatorTests;
			sourceTree = "<group>";
		};
		2066440423A0FE8B00CB94F5 /* StringCalculatorUITests */ = {
			isa = PBXGroup;
			children = (
				2066440523A0FE8B00CB94F5 /* StringCalculatorUITests.swift */,
				2066440723A0FE8B00CB94F5 /* Info.plist */,
			);
			path = StringCalculatorUITests;
			sourceTree = "<group>";
		};
		2066441323A106E000CB94F5 /* New Group */ = {
			isa = PBXGroup;
			children = (
				2066441423A106F200CB94F5 /* Calculator.swift */,
			);
			name = "New Group";
			sourceTree = "<group>";
		};
/* End PBXGroup section */

/* Begin PBXNativeTarget section */
		206643DF23A0FE8A00CB94F5 /* StringCalculator */ = {
			isa = PBXNativeTarget;
			buildConfigurationList = 2066440A23A0FE8B00CB94F5 /* Build configuration list for PBXNativeTarget "StringCalculator" */;
			buildPhases = (
				206643DC23A0FE8A00CB94F5 /* Sources */,
				206643DD23A0FE8A00CB94F5 /* Frameworks */,
				206643DE23A0FE8A00CB94F5 /* Resources */,
			);
			buildRules = (
			);
			dependencies = (
			);
			name = StringCalculator;
			productName = StringCalculator;
			productReference = 206643E023A0FE8A00CB94F5 /* StringCalculator.app */;
			productType = "com.apple.product-type.application";
		};
		206643F523A0FE8B00CB94F5 /* StringCalculatorTests */ = {
			isa = PBXNativeTarget;
			buildConfigurationList = 2066440D23A0FE8B00CB94F5 /* Build configuration list for PBXNativeTarget "StringCalculatorTests" */;
			buildPhases = (
				206643F223A0FE8B00CB94F5 /* Sources */,
				206643F323A0FE8B00CB94F5 /* Frameworks */,
				206643F423A0FE8B00CB94F5 /* Resources */,
			);
			buildRules = (
			);
			dependencies = (
				206643F823A0FE8B00CB94F5 /* PBXTargetDependency */,
			);
			name = StringCalculatorTests;
			productName = StringCalculatorTests;
			productReference = 206643F623A0FE8B00CB94F5 /* StringCalculatorTests.xctest */;
			productType = "com.apple.product-type.bundle.unit-test";
		};
		2066440023A0FE8B00CB94F5 /* StringCalculatorUITests */ = {
			isa = PBXNativeTarget;
			buildConfigurationList = 2066441023A0FE8B00CB94F5 /* Build configuration list for PBXNativeTarget "StringCalculatorUITests" */;
			buildPhases = (
				206643FD23A0FE8B00CB94F5 /* Sources */,
				206643FE23A0FE8B00CB94F5 /* Frameworks */,
				206643FF23A0FE8B00CB94F5 /* Resources */,
			);
			buildRules = (
			);
			dependencies = (
				2066440323A0FE8B00CB94F5 /* PBXTargetDependency */,
			);
			name = StringCalculatorUITests;
			productName = StringCalculatorUITests;
			productReference = 2066440123A0FE8B00CB94F5 /* StringCalculatorUITests.xctest */;
			productType = "com.apple.product-type.bundle.ui-testing";
		};
/* End PBXNativeTarget section */

/* Begin PBXProject section */
		206643D823A0FE8A00CB94F5 /* Project object */ = {
			isa = PBXProject;
			attributes = {
				LastSwiftUpdateCheck = 1110;
				LastUpgradeCheck = 1110;
				ORGANIZATIONNAME = FormoSil;
				TargetAttributes = {
					206643DF23A0FE8A00CB94F5 = {
						CreatedOnToolsVersion = 11.1;
					};
					206643F523A0FE8B00CB94F5 = {
						CreatedOnToolsVersion = 11.1;
						TestTargetID = 206643DF23A0FE8A00CB94F5;
					};
					2066440023A0FE8B00CB94F5 = {
						CreatedOnToolsVersion = 11.1;
						TestTargetID = 206643DF23A0FE8A00CB94F5;
					};
				};
			};
			buildConfigurationList = 206643DB23A0FE8A00CB94F5 /* Build configuration list for PBXProject "StringCalculator" */;
			compatibilityVersion = "Xcode 9.3";
			developmentRegion = en;
			hasScannedForEncodings = 0;
			knownRegions = (
				en,
				Base,
			);
			mainGroup = 206643D723A0FE8A00CB94F5;
			productRefGroup = 206643E123A0FE8A00CB94F5 /* Products */;
			projectDirPath = "";
			projectRoot = "";
			targets = (
				206643DF23A0FE8A00CB94F5 /* StringCalculator */,
				206643F523A0FE8B00CB94F5 /* StringCalculatorTests */,
				2066440023A0FE8B00CB94F5 /* StringCalculatorUITests */,
			);
		};
/* End PBXProject section */

/* Begin PBXResourcesBuildPhase section */
		206643DE23A0FE8A00CB94F5 /* Resources */ = {
			isa = PBXResourcesBuildPhase;
			buildActionMask = 2147483647;
			files = (
				206643F023A0FE8B00CB94F5 /* LaunchScreen.storyboard in Resources */,
				206643ED23A0FE8B00CB94F5 /* Preview Assets.xcassets in Resources */,
				206643EA23A0FE8B00CB94F5 /* Assets.xcassets in Resources */,
			);
			runOnlyForDeploymentPostprocessing = 0;
		};
		206643F423A0FE8B00CB94F5 /* Resources */ = {
			isa = PBXResourcesBuildPhase;
			buildActionMask = 2147483647;
			files = (
			);
			runOnlyForDeploymentPostprocessing = 0;
		};
		206643FF23A0FE8B00CB94F5 /* Resources */ = {
			isa = PBXResourcesBuildPhase;
			buildActionMask = 2147483647;
			files = (
			);
			runOnlyForDeploymentPostprocessing = 0;
		};
/* End PBXResourcesBuildPhase section */

/* Begin PBXSourcesBuildPhase section */
		206643DC23A0FE8A00CB94F5 /* Sources */ = {
			isa = PBXSourcesBuildPhase;
			buildActionMask = 2147483647;
			files = (
				206643E423A0FE8A00CB94F5 /* AppDelegate.swift in Sources */,
				2066441523A106F200CB94F5 /* Calculator.swift in Sources */,
				206643E623A0FE8A00CB94F5 /* SceneDelegate.swift in Sources */,
				206643E823A0FE8A00CB94F5 /* ContentView.swift in Sources */,
			);
			runOnlyForDeploymentPostprocessing = 0;
		};
		206643F223A0FE8B00CB94F5 /* Sources */ = {
			isa = PBXSourcesBuildPhase;
			buildActionMask = 2147483647;
			files = (
				206643FB23A0FE8B00CB94F5 /* StringCalculatorTests.swift in Sources */,
			);
			runOnlyForDeploymentPostprocessing = 0;
		};
		206643FD23A0FE8B00CB94F5 /* Sources */ = {
			isa = PBXSourcesBuildPhase;
			buildActionMask = 2147483647;
			files = (
				2066440623A0FE8B00CB94F5 /* StringCalculatorUITests.swift in Sources */,
			);
			runOnlyForDeploymentPostprocessing = 0;
		};
/* End PBXSourcesBuildPhase section */

/* Begin PBXTargetDependency section */
		206643F823A0FE8B00CB94F5 /* PBXTargetDependency */ = {
			isa = PBXTargetDependency;
			target = 206643DF23A0FE8A00CB94F5 /* StringCalculator */;
			targetProxy = 206643F723A0FE8B00CB94F5 /* PBXContainerItemProxy */;
		};
		2066440323A0FE8B00CB94F5 /* PBXTargetDependency */ = {
			isa = PBXTargetDependency;
			target = 206643DF23A0FE8A00CB94F5 /* StringCalculator */;
			targetProxy = 2066440223A0FE8B00CB94F5 /* PBXContainerItemProxy */;
		};
/* End PBXTargetDependency section */

/* Begin PBXVariantGroup section */
		206643EE23A0FE8B00CB94F5 /* LaunchScreen.storyboard */ = {
			isa = PBXVariantGroup;
			children = (
				206643EF23A0FE8B00CB94F5 /* Base */,
			);
			name = LaunchScreen.storyboard;
			sourceTree = "<group>";
		};
/* End PBXVariantGroup section */

/* Begin XCBuildConfiguration section */
		2066440823A0FE8B00CB94F5 /* Debug */ = {
			isa = XCBuildConfiguration;
			buildSettings = {
				ALWAYS_SEARCH_USER_PATHS = NO;
				CLANG_ANALYZER_NONNULL = YES;
				CLANG_ANALYZER_NUMBER_OBJECT_CONVERSION = YES_AGGRESSIVE;
				CLANG_CXX_LANGUAGE_STANDARD = "gnu++14";
				CLANG_CXX_LIBRARY = "libc++";
				CLANG_ENABLE_MODULES = YES;
				CLANG_ENABLE_OBJC_ARC = YES;
				CLANG_ENABLE_OBJC_WEAK = YES;
				CLANG_WARN_BLOCK_CAPTURE_AUTORELEASING = YES;
				CLANG_WARN_BOOL_CONVERSION = YES;
				CLANG_WARN_COMMA = YES;
				CLANG_WARN_CONSTANT_CONVERSION = YES;
				CLANG_WARN_DEPRECATED_OBJC_IMPLEMENTATIONS = YES;
				CLANG_WARN_DIRECT_OBJC_ISA_USAGE = YES_ERROR;
				CLANG_WARN_DOCUMENTATION_COMMENTS = YES;
				CLANG_WARN_EMPTY_BODY = YES;
				CLANG_WARN_ENUM_CONVERSION = YES;
				CLANG_WARN_INFINITE_RECURSION = YES;
				CLANG_WARN_INT_CONVERSION = YES;
				CLANG_WARN_NON_LITERAL_NULL_CONVERSION = YES;
				CLANG_WARN_OBJC_IMPLICIT_RETAIN_SELF = YES;
				CLANG_WARN_OBJC_LITERAL_CONVERSION = YES;
				CLANG_WARN_OBJC_ROOT_CLASS = YES_ERROR;
				CLANG_WARN_RANGE_LOOP_ANALYSIS = YES;
				CLANG_WARN_STRICT_PROTOTYPES = YES;
				CLANG_WARN_SUSPICIOUS_MOVE = YES;
				CLANG_WARN_UNGUARDED_AVAILABILITY = YES_AGGRESSIVE;
				CLANG_WARN_UNREACHABLE_CODE = YES;
				CLANG_WARN__DUPLICATE_METHOD_MATCH = YES;
				COPY_PHASE_STRIP = NO;
				DEBUG_INFORMATION_FORMAT = dwarf;
				ENABLE_STRICT_OBJC_MSGSEND = YES;
				ENABLE_TESTABILITY = YES;
				GCC_C_LANGUAGE_STANDARD = gnu11;
				GCC_DYNAMIC_NO_PIC = NO;
				GCC_NO_COMMON_BLOCKS = YES;
				GCC_OPTIMIZATION_LEVEL = 0;
				GCC_PREPROCESSOR_DEFINITIONS = (
					"DEBUG=1",
					"$(inherited)",
				);
				GCC_WARN_64_TO_32_BIT_CONVERSION = YES;
				GCC_WARN_ABOUT_RETURN_TYPE = YES_ERROR;
				GCC_WARN_UNDECLARED_SELECTOR = YES;
				GCC_WARN_UNINITIALIZED_AUTOS = YES_AGGRESSIVE;
				GCC_WARN_UNUSED_FUNCTION = YES;
				GCC_WARN_UNUSED_VARIABLE = YES;
				IPHONEOS_DEPLOYMENT_TARGET = 13.1;
				MTL_ENABLE_DEBUG_INFO = INCLUDE_SOURCE;
				MTL_FAST_MATH = YES;
				ONLY_ACTIVE_ARCH = YES;
				SDKROOT = iphoneos;
				SWIFT_ACTIVE_COMPILATION_CONDITIONS = DEBUG;
				SWIFT_OPTIMIZATION_LEVEL = "-Onone";
			};
			name = Debug;
		};
		2066440923A0FE8B00CB94F5 /* Release */ = {
			isa = XCBuildConfiguration;
			buildSettings = {
				ALWAYS_SEARCH_USER_PATHS = NO;
				CLANG_ANALYZER_NONNULL = YES;
				CLANG_ANALYZER_NUMBER_OBJECT_CONVERSION = YES_AGGRESSIVE;
				CLANG_CXX_LANGUAGE_STANDARD = "gnu++14";
				CLANG_CXX_LIBRARY = "libc++";
				CLANG_ENABLE_MODULES = YES;
				CLANG_ENABLE_OBJC_ARC = YES;
				CLANG_ENABLE_OBJC_WEAK = YES;
				CLANG_WARN_BLOCK_CAPTURE_AUTORELEASING = YES;
				CLANG_WARN_BOOL_CONVERSION = YES;
				CLANG_WARN_COMMA = YES;
				CLANG_WARN_CONSTANT_CONVERSION = YES;
				CLANG_WARN_DEPRECATED_OBJC_IMPLEMENTATIONS = YES;
				CLANG_WARN_DIRECT_OBJC_ISA_USAGE = YES_ERROR;
				CLANG_WARN_DOCUMENTATION_COMMENTS = YES;
				CLANG_WARN_EMPTY_BODY = YES;
				CLANG_WARN_ENUM_CONVERSION = YES;
				CLANG_WARN_INFINITE_RECURSION = YES;
				CLANG_WARN_INT_CONVERSION = YES;
				CLANG_WARN_NON_LITERAL_NULL_CONVERSION = YES;
				CLANG_WARN_OBJC_IMPLICIT_RETAIN_SELF = YES;
				CLANG_WARN_OBJC_LITERAL_CONVERSION = YES;
				CLANG_WARN_OBJC_ROOT_CLASS = YES_ERROR;
				CLANG_WARN_RANGE_LOOP_ANALYSIS = YES;
				CLANG_WARN_STRICT_PROTOTYPES = YES;
				CLANG_WARN_SUSPICIOUS_MOVE = YES;
				CLANG_WARN_UNGUARDED_AVAILABILITY = YES_AGGRESSIVE;
				CLANG_WARN_UNREACHABLE_CODE = YES;
				CLANG_WARN__DUPLICATE_METHOD_MATCH = YES;
				COPY_PHASE_STRIP = NO;
				DEBUG_INFORMATION_FORMAT = "dwarf-with-dsym";
				ENABLE_NS_ASSERTIONS = NO;
				ENABLE_STRICT_OBJC_MSGSEND = YES;
				GCC_C_LANGUAGE_STANDARD = gnu11;
				GCC_NO_COMMON_BLOCKS = YES;
				GCC_WARN_64_TO_32_BIT_CONVERSION = YES;
				GCC_WARN_ABOUT_RETURN_TYPE = YES_ERROR;
				GCC_WARN_UNDECLARED_SELECTOR = YES;
				GCC_WARN_UNINITIALIZED_AUTOS = YES_AGGRESSIVE;
				GCC_WARN_UNUSED_FUNCTION = YES;
				GCC_WARN_UNUSED_VARIABLE = YES;
				IPHONEOS_DEPLOYMENT_TARGET = 13.1;
				MTL_ENABLE_DEBUG_INFO = NO;
				MTL_FAST_MATH = YES;
				SDKROOT = iphoneos;
				SWIFT_COMPILATION_MODE = wholemodule;
				SWIFT_OPTIMIZATION_LEVEL = "-O";
				VALIDATE_PRODUCT = YES;
			};
			name = Release;
		};
		2066440B23A0FE8B00CB94F5 /* Debug */ = {
			isa = XCBuildConfiguration;
			buildSettings = {
				ASSETCATALOG_COMPILER_APPICON_NAME = AppIcon;
				CODE_SIGN_STYLE = Automatic;
				DEVELOPMENT_ASSET_PATHS = "\"StringCalculator/Preview Content\"";
				DEVELOPMENT_TEAM = 3M82QY44WW;
				ENABLE_PREVIEWS = YES;
				INFOPLIST_FILE = StringCalculator/Info.plist;
				LD_RUNPATH_SEARCH_PATHS = (
					"$(inherited)",
					"@executable_path/Frameworks",
				);
				PRODUCT_BUNDLE_IDENTIFIER = formosil.StringCalculator;
				PRODUCT_NAME = "$(TARGET_NAME)";
				SWIFT_VERSION = 5.0;
				TARGETED_DEVICE_FAMILY = "1,2";
			};
			name = Debug;
		};
		2066440C23A0FE8B00CB94F5 /* Release */ = {
			isa = XCBuildConfiguration;
			buildSettings = {
				ASSETCATALOG_COMPILER_APPICON_NAME = AppIcon;
				CODE_SIGN_STYLE = Automatic;
				DEVELOPMENT_ASSET_PATHS = "\"StringCalculator/Preview Content\"";
				DEVELOPMENT_TEAM = 3M82QY44WW;
				ENABLE_PREVIEWS = YES;
				INFOPLIST_FILE = StringCalculator/Info.plist;
				LD_RUNPATH_SEARCH_PATHS = (
					"$(inherited)",
					"@executable_path/Frameworks",
				);
				PRODUCT_BUNDLE_IDENTIFIER = formosil.StringCalculator;
				PRODUCT_NAME = "$(TARGET_NAME)";
				SWIFT_VERSION = 5.0;
				TARGETED_DEVICE_FAMILY = "1,2";
			};
			name = Release;
		};
		2066440E23A0FE8B00CB94F5 /* Debug */ = {
			isa = XCBuildConfiguration;
			buildSettings = {
				ALWAYS_EMBED_SWIFT_STANDARD_LIBRARIES = YES;
				BUNDLE_LOADER = "$(TEST_HOST)";
				CODE_SIGN_STYLE = Automatic;
				DEVELOPMENT_TEAM = 3M82QY44WW;
				INFOPLIST_FILE = StringCalculatorTests/Info.plist;
				IPHONEOS_DEPLOYMENT_TARGET = 13.1;
				LD_RUNPATH_SEARCH_PATHS = (
					"$(inherited)",
					"@executable_path/Frameworks",
					"@loader_path/Frameworks",
				);
				PRODUCT_BUNDLE_IDENTIFIER = formosil.StringCalculatorTests;
				PRODUCT_NAME = "$(TARGET_NAME)";
				SWIFT_VERSION = 5.0;
				TARGETED_DEVICE_FAMILY = "1,2";
				TEST_HOST = "$(BUILT_PRODUCTS_DIR)/StringCalculator.app/StringCalculator";
			};
			name = Debug;
		};
		2066440F23A0FE8B00CB94F5 /* Release */ = {
			isa = XCBuildConfiguration;
			buildSettings = {
				ALWAYS_EMBED_SWIFT_STANDARD_LIBRARIES = YES;
				BUNDLE_LOADER = "$(TEST_HOST)";
				CODE_SIGN_STYLE = Automatic;
				DEVELOPMENT_TEAM = 3M82QY44WW;
				INFOPLIST_FILE = StringCalculatorTests/Info.plist;
				IPHONEOS_DEPLOYMENT_TARGET = 13.1;
				LD_RUNPATH_SEARCH_PATHS = (
					"$(inherited)",
					"@executable_path/Frameworks",
					"@loader_path/Frameworks",
				);
				PRODUCT_BUNDLE_IDENTIFIER = formosil.StringCalculatorTests;
				PRODUCT_NAME = "$(TARGET_NAME)";
				SWIFT_VERSION = 5.0;
				TARGETED_DEVICE_FAMILY = "1,2";
				TEST_HOST = "$(BUILT_PRODUCTS_DIR)/StringCalculator.app/StringCalculator";
			};
			name = Release;
		};
		2066441123A0FE8B00CB94F5 /* Debug */ = {
			isa = XCBuildConfiguration;
			buildSettings = {
				ALWAYS_EMBED_SWIFT_STANDARD_LIBRARIES = YES;
				CODE_SIGN_STYLE = Automatic;
				DEVELOPMENT_TEAM = 3M82QY44WW;
				INFOPLIST_FILE = StringCalculatorUITests/Info.plist;
				LD_RUNPATH_SEARCH_PATHS = (
					"$(inherited)",
					"@executable_path/Frameworks",
					"@loader_path/Frameworks",
				);
				PRODUCT_BUNDLE_IDENTIFIER = formosil.StringCalculatorUITests;
				PRODUCT_NAME = "$(TARGET_NAME)";
				SWIFT_VERSION = 5.0;
				TARGETED_DEVICE_FAMILY = "1,2";
				TEST_TARGET_NAME = StringCalculator;
			};
			name = Debug;
		};
		2066441223A0FE8B00CB94F5 /* Release */ = {
			isa = XCBuildConfiguration;
			buildSettings = {
				ALWAYS_EMBED_SWIFT_STANDARD_LIBRARIES = YES;
				CODE_SIGN_STYLE = Automatic;
				DEVELOPMENT_TEAM = 3M82QY44WW;
				INFOPLIST_FILE = StringCalculatorUITests/Info.plist;
				LD_RUNPATH_SEARCH_PATHS = (
					"$(inherited)",
					"@executable_path/Frameworks",
					"@loader_path/Frameworks",
				);
				PRODUCT_BUNDLE_IDENTIFIER = formosil.StringCalculatorUITests;
				PRODUCT_NAME = "$(TARGET_NAME)";
				SWIFT_VERSION = 5.0;
				TARGETED_DEVICE_FAMILY = "1,2";
				TEST_TARGET_NAME = StringCalculator;
			};
			name = Release;
		};
/* End XCBuildConfiguration section */

/* Begin XCConfigurationList section */
		206643DB23A0FE8A00CB94F5 /* Build configuration list for PBXProject "StringCalculator" */ = {
			isa = XCConfigurationList;
			buildConfigurations = (
				2066440823A0FE8B00CB94F5 /* Debug */,
				2066440923A0FE8B00CB94F5 /* Release */,
			);
			defaultConfigurationIsVisible = 0;
			defaultConfigurationName = Release;
		};
		2066440A23A0FE8B00CB94F5 /* Build configuration list for PBXNativeTarget "StringCalculator" */ = {
			isa = XCConfigurationList;
			buildConfigurations = (
				2066440B23A0FE8B00CB94F5 /* Debug */,
				2066440C23A0FE8B00CB94F5 /* Release */,
			);
			defaultConfigurationIsVisible = 0;
			defaultConfigurationName = Release;
		};
		2066440D23A0FE8B00CB94F5 /* Build configuration list for PBXNativeTarget "StringCalculatorTests" */ = {
			isa = XCConfigurationList;
			buildConfigurations = (
				2066440E23A0FE8B00CB94F5 /* Debug */,
				2066440F23A0FE8B00CB94F5 /* Release */,
			);
			defaultConfigurationIsVisible = 0;
			defaultConfigurationName = Release;
		};
		2066441023A0FE8B00CB94F5 /* Build configuration list for PBXNativeTarget "StringCalculatorUITests" */ = {
			isa = XCConfigurationList;
			buildConfigurations = (
				2066441123A0FE8B00CB94F5 /* Debug */,
				2066441223A0FE8B00CB94F5 /* Release */,
			);
			defaultConfigurationIsVisible = 0;
			defaultConfigurationName = Release;
		};
/* End XCConfigurationList section */
	};
	rootObject = 206643D823A0FE8A00CB94F5 /* Project object */;
}
